
Microsoft Visual Studio Solution File, Format Version 12.00
# Visual Studio Version 16
VisualStudioVersion = 16.0.31515.178
MinimumVisualStudioVersion = 10.0.40219.1
Project("{FAE04EC0-301F-11D3-BF4B-00C04F79EFBC}") = "NoEmptyConveyors", "NoEmptyConveyors\NoEmptyConveyors.csproj", "{F5C37323-B2E9-4BA8-912E-A7727142C386}"
EndProject
Global
	GlobalSection(SolutionConfigurationPlatforms) = preSolution
		Debug|Any CPU = Debug|Any CPU
		Release|Any CPU = Release|Any CPU
	EndGlobalSection
	GlobalSection(ProjectConfigurationPlatforms) = postSolution
		{F5C37323-B2E9-4BA8-912E-A7727142C386}.Debug|Any CPU.ActiveCfg = Debug|Any CPU
		{F5C37323-B2E9-4BA8-912E-A7727142C386}.Debug|Any CPU.Build.0 = Debug|Any CPU
		{F5C37323-B2E9-4BA8-912E-A7727142C386}.Release|Any CPU.ActiveCfg = Release|Any CPU
		{F5C37323-B2E9-4BA8-912E-A7727142C386}.Release|Any CPU.Build.0 = Release|Any CPU
	EndGlobalSection
	GlobalSection(SolutionProperties) = preSolution
		HideSolutionNode = FALSE
	EndGlobalSection
	GlobalSection(ExtensibilityGlobals) = postSolution
		SolutionGuid = {D4AE2807-F598-4E08-9AA5-CFADCEC510DC}
	EndGlobalSection
EndGlobal
